
Microsoft Visual Studio Solution File, Format Version 12.00
# Visual Studio 14
VisualStudioVersion = 14.0.24720.0
MinimumVisualStudioVersion = 10.0.40219.1
Project("{FAE04EC0-301F-11D3-BF4B-00C04F79EFBC}") = "01.SumOfThreeNumbers", "01.SumOfThreeNumbers\01.SumOfThreeNumbers.csproj", "{5ED0FD67-9B50-49CD-8246-6527C6DD6F9B}"
EndProject
Project("{FAE04EC0-301F-11D3-BF4B-00C04F79EFBC}") = "02.CompanyInfo", "02.CompanyInfo\02.CompanyInfo.csproj", "{A79B3142-A4CD-4A5D-AC76-221A67F3FC95}"
EndProject
Project("{FAE04EC0-301F-11D3-BF4B-00C04F79EFBC}") = "03.Circle", "03.Circle\03.Circle.csproj", "{79050117-D9ED-4981-A37B-C744E2EDCDA9}"
EndProject
Project("{FAE04EC0-301F-11D3-BF4B-00C04F79EFBC}") = "04.FormattingNumbers", "04.FormattingNumbers\04.FormattingNumbers.csproj", "{7BC4A7A7-72DD-49FA-9AFC-3464FFEC595A}"
EndProject
Project("{FAE04EC0-301F-11D3-BF4B-00C04F79EFBC}") = "05.NumbersComparer", "05.NumbersComparer\05.NumbersComparer.csproj", "{3FBC7CDE-0A9B-4CEE-A028-BB413C335952}"
EndProject
Project("{FAE04EC0-301F-11D3-BF4B-00C04F79EFBC}") = "06.QuadraticEquation", "06.QuadraticEquation\06.QuadraticEquation.csproj", "{435FAE03-1D51-4565-B4B0-1E40062EC936}"
EndProject
Project("{FAE04EC0-301F-11D3-BF4B-00C04F79EFBC}") = "07.SumOfFiveNumbers", "07.SumOfFiveNumbers\07.SumOfFiveNumbers.csproj", "{735D06B3-DD3A-4911-9C62-01958FF21906}"
EndProject
Project("{FAE04EC0-301F-11D3-BF4B-00C04F79EFBC}") = "08.NumbersFromOneToN", "08.NumbersFromOneToN\08.NumbersFromOneToN.csproj", "{98989DA8-D7EE-4563-AB5B-A25FD722A8CF}"
EndProject
Project("{FAE04EC0-301F-11D3-BF4B-00C04F79EFBC}") = "09.SumOfNNumbers", "09.SumOfNNumbers\09.SumOfNNumbers.csproj", "{261EF742-A146-4CFE-BB5F-BC89F72FEE33}"
EndProject
Project("{FAE04EC0-301F-11D3-BF4B-00C04F79EFBC}") = "10.FibonacciNumbers", "10.FibonacciNumbers\10.FibonacciNumbers.csproj", "{984A3B12-70CE-46EF-8474-A5F936570393}"
EndProject
Project("{FAE04EC0-301F-11D3-BF4B-00C04F79EFBC}") = "11.Interval", "11.Interval\11.Interval.csproj", "{E6D51EB9-1C85-4EF6-86E2-2CAC259A04BB}"
EndProject
Global
	GlobalSection(SolutionConfigurationPlatforms) = preSolution
		Debug|Any CPU = Debug|Any CPU
		Release|Any CPU = Release|Any CPU
	EndGlobalSection
	GlobalSection(ProjectConfigurationPlatforms) = postSolution
		{5ED0FD67-9B50-49CD-8246-6527C6DD6F9B}.Debug|Any CPU.ActiveCfg = Debug|Any CPU
		{5ED0FD67-9B50-49CD-8246-6527C6DD6F9B}.Debug|Any CPU.Build.0 = Debug|Any CPU
		{5ED0FD67-9B50-49CD-8246-6527C6DD6F9B}.Release|Any CPU.ActiveCfg = Release|Any CPU
		{5ED0FD67-9B50-49CD-8246-6527C6DD6F9B}.Release|Any CPU.Build.0 = Release|Any CPU
		{A79B3142-A4CD-4A5D-AC76-221A67F3FC95}.Debug|Any CPU.ActiveCfg = Debug|Any CPU
		{A79B3142-A4CD-4A5D-AC76-221A67F3FC95}.Debug|Any CPU.Build.0 = Debug|Any CPU
		{A79B3142-A4CD-4A5D-AC76-221A67F3FC95}.Release|Any CPU.ActiveCfg = Release|Any CPU
		{A79B3142-A4CD-4A5D-AC76-221A67F3FC95}.Release|Any CPU.Build.0 = Release|Any CPU
		{79050117-D9ED-4981-A37B-C744E2EDCDA9}.Debug|Any CPU.ActiveCfg = Debug|Any CPU
		{79050117-D9ED-4981-A37B-C744E2EDCDA9}.Debug|Any CPU.Build.0 = Debug|Any CPU
		{79050117-D9ED-4981-A37B-C744E2EDCDA9}.Release|Any CPU.ActiveCfg = Release|Any CPU
		{79050117-D9ED-4981-A37B-C744E2EDCDA9}.Release|Any CPU.Build.0 = Release|Any CPU
		{7BC4A7A7-72DD-49FA-9AFC-3464FFEC595A}.Debug|Any CPU.ActiveCfg = Debug|Any CPU
		{7BC4A7A7-72DD-49FA-9AFC-3464FFEC595A}.Debug|Any CPU.Build.0 = Debug|Any CPU
		{7BC4A7A7-72DD-49FA-9AFC-3464FFEC595A}.Release|Any CPU.ActiveCfg = Release|Any CPU
		{7BC4A7A7-72DD-49FA-9AFC-3464FFEC595A}.Release|Any CPU.Build.0 = Release|Any CPU
		{3FBC7CDE-0A9B-4CEE-A028-BB413C335952}.Debug|Any CPU.ActiveCfg = Debug|Any CPU
		{3FBC7CDE-0A9B-4CEE-A028-BB413C335952}.Debug|Any CPU.Build.0 = Debug|Any CPU
		{3FBC7CDE-0A9B-4CEE-A028-BB413C335952}.Release|Any CPU.ActiveCfg = Release|Any CPU
		{3FBC7CDE-0A9B-4CEE-A028-BB413C335952}.Release|Any CPU.Build.0 = Release|Any CPU
		{435FAE03-1D51-4565-B4B0-1E40062EC936}.Debug|Any CPU.ActiveCfg = Debug|Any CPU
		{435FAE03-1D51-4565-B4B0-1E40062EC936}.Debug|Any CPU.Build.0 = Debug|Any CPU
		{435FAE03-1D51-4565-B4B0-1E40062EC936}.Release|Any CPU.ActiveCfg = Release|Any CPU
		{435FAE03-1D51-4565-B4B0-1E40062EC936}.Release|Any CPU.Build.0 = Release|Any CPU
		{735D06B3-DD3A-4911-9C62-01958FF21906}.Debug|Any CPU.ActiveCfg = Debug|Any CPU
		{735D06B3-DD3A-4911-9C62-01958FF21906}.Debug|Any CPU.Build.0 = Debug|Any CPU
		{735D06B3-DD3A-4911-9C62-01958FF21906}.Release|Any CPU.ActiveCfg = Release|Any CPU
		{735D06B3-DD3A-4911-9C62-01958FF21906}.Release|Any CPU.Build.0 = Release|Any CPU
		{98989DA8-D7EE-4563-AB5B-A25FD722A8CF}.Debug|Any CPU.ActiveCfg = Debug|Any CPU
		{98989DA8-D7EE-4563-AB5B-A25FD722A8CF}.Debug|Any CPU.Build.0 = Debug|Any CPU
		{98989DA8-D7EE-4563-AB5B-A25FD722A8CF}.Release|Any CPU.ActiveCfg = Release|Any CPU
		{98989DA8-D7EE-4563-AB5B-A25FD722A8CF}.Release|Any CPU.Build.0 = Release|Any CPU
		{261EF742-A146-4CFE-BB5F-BC89F72FEE33}.Debug|Any CPU.ActiveCfg = Debug|Any CPU
		{261EF742-A146-4CFE-BB5F-BC89F72FEE33}.Debug|Any CPU.Build.0 = Debug|Any CPU
		{261EF742-A146-4CFE-BB5F-BC89F72FEE33}.Release|Any CPU.ActiveCfg = Release|Any CPU
		{261EF742-A146-4CFE-BB5F-BC89F72FEE33}.Release|Any CPU.Build.0 = Release|Any CPU
		{984A3B12-70CE-46EF-8474-A5F936570393}.Debug|Any CPU.ActiveCfg = Debug|Any CPU
		{984A3B12-70CE-46EF-8474-A5F936570393}.Debug|Any CPU.Build.0 = Debug|Any CPU
		{984A3B12-70CE-46EF-8474-A5F936570393}.Release|Any CPU.ActiveCfg = Release|Any CPU
		{984A3B12-70CE-46EF-8474-A5F936570393}.Release|Any CPU.Build.0 = Release|Any CPU
		{E6D51EB9-1C85-4EF6-86E2-2CAC259A04BB}.Debug|Any CPU.ActiveCfg = Debug|Any CPU
		{E6D51EB9-1C85-4EF6-86E2-2CAC259A04BB}.Debug|Any CPU.Build.0 = Debug|Any CPU
		{E6D51EB9-1C85-4EF6-86E2-2CAC259A04BB}.Release|Any CPU.ActiveCfg = Release|Any CPU
		{E6D51EB9-1C85-4EF6-86E2-2CAC259A04BB}.Release|Any CPU.Build.0 = Release|Any CPU
	EndGlobalSection
	GlobalSection(SolutionProperties) = preSolution
		HideSolutionNode = FALSE
	EndGlobalSection
EndGlobal
