
Microsoft Visual Studio Solution File, Format Version 12.00
# Visual Studio 14
VisualStudioVersion = 14.0.25123.0
MinimumVisualStudioVersion = 10.0.40219.1
Project("{FAE04EC0-301F-11D3-BF4B-00C04F79EFBC}") = "Printing", "Printing\Printing.csproj", "{060E640D-F896-4A5B-97AC-524B8A436E4C}"
EndProject
Project("{FAE04EC0-301F-11D3-BF4B-00C04F79EFBC}") = "TextToNumber", "TextToNumber\TextToNumber.csproj", "{9D200442-6F2D-4B9D-8793-44EE5D5CE890}"
EndProject
Project("{FAE04EC0-301F-11D3-BF4B-00C04F79EFBC}") = "SaddyKopper", "SaddyKopper\SaddyKopper.csproj", "{1F178C6C-07FA-415E-9A6A-0FF86936E641}"
EndProject
Project("{FAE04EC0-301F-11D3-BF4B-00C04F79EFBC}") = "Cube", "Cube\Cube.csproj", "{E2B0F0FD-236D-4F54-905D-B773268674D0}"
EndProject
Project("{FAE04EC0-301F-11D3-BF4B-00C04F79EFBC}") = "ThreeNumbers", "ThreeNumbers\ThreeNumbers.csproj", "{5CA15257-0E4C-4F5D-9423-D582095BE146}"
EndProject
Project("{FAE04EC0-301F-11D3-BF4B-00C04F79EFBC}") = "Decoding", "Decoding\Decoding.csproj", "{BD7B8BB4-35D0-4B24-98CD-4B65E8DAEE7D}"
EndProject
Project("{FAE04EC0-301F-11D3-BF4B-00C04F79EFBC}") = "ABandC", "ABandC\ABandC.csproj", "{6D0002B1-29A2-4E82-B88D-E822DDE8FF1F}"
EndProject
Project("{FAE04EC0-301F-11D3-BF4B-00C04F79EFBC}") = "SymbolToNumber", "SymbolToNumber\SymbolToNumber.csproj", "{977FE0B1-9161-43F3-8B42-5F58DC0D79A0}"
EndProject
Project("{FAE04EC0-301F-11D3-BF4B-00C04F79EFBC}") = "ConsoleApplication2", "ConsoleApplication2\ConsoleApplication2.csproj", "{6A75B8D3-0938-417D-B2C9-C7D41092AEEB}"
EndProject
Project("{FAE04EC0-301F-11D3-BF4B-00C04F79EFBC}") = "ConsoleApplication1", "ConsoleApplication1\ConsoleApplication1.csproj", "{5A14EA32-F407-4A48-8323-0E2D589066A2}"
EndProject
Project("{FAE04EC0-301F-11D3-BF4B-00C04F79EFBC}") = "FindBits", "FindBits\FindBits.csproj", "{C6A22027-31DA-4A70-B7BF-7EB2799EC6AA}"
EndProject
Project("{FAE04EC0-301F-11D3-BF4B-00C04F79EFBC}") = "Feathers", "Feathers\Feathers.csproj", "{7ED5412D-5D31-4579-BBCD-BF54DB322228}"
EndProject
Project("{FAE04EC0-301F-11D3-BF4B-00C04F79EFBC}") = "NumberOfPages", "NumberOfPages\NumberOfPages.csproj", "{D11DC717-1C8F-4718-B04E-C9488B275C79}"
EndProject
Global
	GlobalSection(SolutionConfigurationPlatforms) = preSolution
		Debug|Any CPU = Debug|Any CPU
		Release|Any CPU = Release|Any CPU
	EndGlobalSection
	GlobalSection(ProjectConfigurationPlatforms) = postSolution
		{060E640D-F896-4A5B-97AC-524B8A436E4C}.Debug|Any CPU.ActiveCfg = Debug|Any CPU
		{060E640D-F896-4A5B-97AC-524B8A436E4C}.Debug|Any CPU.Build.0 = Debug|Any CPU
		{060E640D-F896-4A5B-97AC-524B8A436E4C}.Release|Any CPU.ActiveCfg = Release|Any CPU
		{060E640D-F896-4A5B-97AC-524B8A436E4C}.Release|Any CPU.Build.0 = Release|Any CPU
		{9D200442-6F2D-4B9D-8793-44EE5D5CE890}.Debug|Any CPU.ActiveCfg = Debug|Any CPU
		{9D200442-6F2D-4B9D-8793-44EE5D5CE890}.Debug|Any CPU.Build.0 = Debug|Any CPU
		{9D200442-6F2D-4B9D-8793-44EE5D5CE890}.Release|Any CPU.ActiveCfg = Release|Any CPU
		{9D200442-6F2D-4B9D-8793-44EE5D5CE890}.Release|Any CPU.Build.0 = Release|Any CPU
		{1F178C6C-07FA-415E-9A6A-0FF86936E641}.Debug|Any CPU.ActiveCfg = Debug|Any CPU
		{1F178C6C-07FA-415E-9A6A-0FF86936E641}.Debug|Any CPU.Build.0 = Debug|Any CPU
		{1F178C6C-07FA-415E-9A6A-0FF86936E641}.Release|Any CPU.ActiveCfg = Release|Any CPU
		{1F178C6C-07FA-415E-9A6A-0FF86936E641}.Release|Any CPU.Build.0 = Release|Any CPU
		{E2B0F0FD-236D-4F54-905D-B773268674D0}.Debug|Any CPU.ActiveCfg = Debug|Any CPU
		{E2B0F0FD-236D-4F54-905D-B773268674D0}.Debug|Any CPU.Build.0 = Debug|Any CPU
		{E2B0F0FD-236D-4F54-905D-B773268674D0}.Release|Any CPU.ActiveCfg = Release|Any CPU
		{E2B0F0FD-236D-4F54-905D-B773268674D0}.Release|Any CPU.Build.0 = Release|Any CPU
		{5CA15257-0E4C-4F5D-9423-D582095BE146}.Debug|Any CPU.ActiveCfg = Debug|Any CPU
		{5CA15257-0E4C-4F5D-9423-D582095BE146}.Debug|Any CPU.Build.0 = Debug|Any CPU
		{5CA15257-0E4C-4F5D-9423-D582095BE146}.Release|Any CPU.ActiveCfg = Release|Any CPU
		{5CA15257-0E4C-4F5D-9423-D582095BE146}.Release|Any CPU.Build.0 = Release|Any CPU
		{BD7B8BB4-35D0-4B24-98CD-4B65E8DAEE7D}.Debug|Any CPU.ActiveCfg = Debug|Any CPU
		{BD7B8BB4-35D0-4B24-98CD-4B65E8DAEE7D}.Debug|Any CPU.Build.0 = Debug|Any CPU
		{BD7B8BB4-35D0-4B24-98CD-4B65E8DAEE7D}.Release|Any CPU.ActiveCfg = Release|Any CPU
		{BD7B8BB4-35D0-4B24-98CD-4B65E8DAEE7D}.Release|Any CPU.Build.0 = Release|Any CPU
		{6D0002B1-29A2-4E82-B88D-E822DDE8FF1F}.Debug|Any CPU.ActiveCfg = Debug|Any CPU
		{6D0002B1-29A2-4E82-B88D-E822DDE8FF1F}.Debug|Any CPU.Build.0 = Debug|Any CPU
		{6D0002B1-29A2-4E82-B88D-E822DDE8FF1F}.Release|Any CPU.ActiveCfg = Release|Any CPU
		{6D0002B1-29A2-4E82-B88D-E822DDE8FF1F}.Release|Any CPU.Build.0 = Release|Any CPU
		{977FE0B1-9161-43F3-8B42-5F58DC0D79A0}.Debug|Any CPU.ActiveCfg = Debug|Any CPU
		{977FE0B1-9161-43F3-8B42-5F58DC0D79A0}.Debug|Any CPU.Build.0 = Debug|Any CPU
		{977FE0B1-9161-43F3-8B42-5F58DC0D79A0}.Release|Any CPU.ActiveCfg = Release|Any CPU
		{977FE0B1-9161-43F3-8B42-5F58DC0D79A0}.Release|Any CPU.Build.0 = Release|Any CPU
		{6A75B8D3-0938-417D-B2C9-C7D41092AEEB}.Debug|Any CPU.ActiveCfg = Debug|Any CPU
		{6A75B8D3-0938-417D-B2C9-C7D41092AEEB}.Debug|Any CPU.Build.0 = Debug|Any CPU
		{6A75B8D3-0938-417D-B2C9-C7D41092AEEB}.Release|Any CPU.ActiveCfg = Release|Any CPU
		{6A75B8D3-0938-417D-B2C9-C7D41092AEEB}.Release|Any CPU.Build.0 = Release|Any CPU
		{5A14EA32-F407-4A48-8323-0E2D589066A2}.Debug|Any CPU.ActiveCfg = Debug|Any CPU
		{5A14EA32-F407-4A48-8323-0E2D589066A2}.Debug|Any CPU.Build.0 = Debug|Any CPU
		{5A14EA32-F407-4A48-8323-0E2D589066A2}.Release|Any CPU.ActiveCfg = Release|Any CPU
		{5A14EA32-F407-4A48-8323-0E2D589066A2}.Release|Any CPU.Build.0 = Release|Any CPU
		{C6A22027-31DA-4A70-B7BF-7EB2799EC6AA}.Debug|Any CPU.ActiveCfg = Debug|Any CPU
		{C6A22027-31DA-4A70-B7BF-7EB2799EC6AA}.Debug|Any CPU.Build.0 = Debug|Any CPU
		{C6A22027-31DA-4A70-B7BF-7EB2799EC6AA}.Release|Any CPU.ActiveCfg = Release|Any CPU
		{C6A22027-31DA-4A70-B7BF-7EB2799EC6AA}.Release|Any CPU.Build.0 = Release|Any CPU
		{7ED5412D-5D31-4579-BBCD-BF54DB322228}.Debug|Any CPU.ActiveCfg = Debug|Any CPU
		{7ED5412D-5D31-4579-BBCD-BF54DB322228}.Debug|Any CPU.Build.0 = Debug|Any CPU
		{7ED5412D-5D31-4579-BBCD-BF54DB322228}.Release|Any CPU.ActiveCfg = Release|Any CPU
		{7ED5412D-5D31-4579-BBCD-BF54DB322228}.Release|Any CPU.Build.0 = Release|Any CPU
		{D11DC717-1C8F-4718-B04E-C9488B275C79}.Debug|Any CPU.ActiveCfg = Debug|Any CPU
		{D11DC717-1C8F-4718-B04E-C9488B275C79}.Debug|Any CPU.Build.0 = Debug|Any CPU
		{D11DC717-1C8F-4718-B04E-C9488B275C79}.Release|Any CPU.ActiveCfg = Release|Any CPU
		{D11DC717-1C8F-4718-B04E-C9488B275C79}.Release|Any CPU.Build.0 = Release|Any CPU
	EndGlobalSection
	GlobalSection(SolutionProperties) = preSolution
		HideSolutionNode = FALSE
	EndGlobalSection
EndGlobal
