
Microsoft Visual Studio Solution File, Format Version 12.00
# Visual Studio 14
VisualStudioVersion = 14.0.25123.0
MinimumVisualStudioVersion = 10.0.40219.1
Project("{FAE04EC0-301F-11D3-BF4B-00C04F79EFBC}") = "DefiningClassesPartOne", "DefiningClassesPartOne\DefiningClassesPartOne.csproj", "{62A8B64C-88EC-495E-B0BF-0FC3DDF64A79}"
EndProject
Project("{FAE04EC0-301F-11D3-BF4B-00C04F79EFBC}") = "GSMCallHistoryTest", "GSMCallHistoryTest\GSMCallHistoryTest.csproj", "{6098743E-01BF-4567-BA8A-42A7E2DE6AA1}"
EndProject
Global
	GlobalSection(SolutionConfigurationPlatforms) = preSolution
		Debug|Any CPU = Debug|Any CPU
		Release|Any CPU = Release|Any CPU
	EndGlobalSection
	GlobalSection(ProjectConfigurationPlatforms) = postSolution
		{62A8B64C-88EC-495E-B0BF-0FC3DDF64A79}.Debug|Any CPU.ActiveCfg = Debug|Any CPU
		{62A8B64C-88EC-495E-B0BF-0FC3DDF64A79}.Debug|Any CPU.Build.0 = Debug|Any CPU
		{62A8B64C-88EC-495E-B0BF-0FC3DDF64A79}.Release|Any CPU.ActiveCfg = Release|Any CPU
		{62A8B64C-88EC-495E-B0BF-0FC3DDF64A79}.Release|Any CPU.Build.0 = Release|Any CPU
		{6098743E-01BF-4567-BA8A-42A7E2DE6AA1}.Debug|Any CPU.ActiveCfg = Debug|Any CPU
		{6098743E-01BF-4567-BA8A-42A7E2DE6AA1}.Debug|Any CPU.Build.0 = Debug|Any CPU
		{6098743E-01BF-4567-BA8A-42A7E2DE6AA1}.Release|Any CPU.ActiveCfg = Release|Any CPU
		{6098743E-01BF-4567-BA8A-42A7E2DE6AA1}.Release|Any CPU.Build.0 = Release|Any CPU
	EndGlobalSection
	GlobalSection(SolutionProperties) = preSolution
		HideSolutionNode = FALSE
	EndGlobalSection
EndGlobal
